
Microsoft Visual Studio Solution File, Format Version 12.00
# Visual Studio Version 17
VisualStudioVersion = 17.8.34316.72
MinimumVisualStudioVersion = 10.0.40219.1
Project("{9A19103F-16F7-4668-BE54-9A1E7A4F7556}") = "JCTG", "JCTG\JCTG.csproj", "{1ED396E2-EEF9-40E5-B815-51ABAA724A5C}"
EndProject
Project("{9A19103F-16F7-4668-BE54-9A1E7A4F7556}") = "JCTG.Client", "JCTG.Client\JCTG.Client.csproj", "{50F0537F-2A28-448E-B98F-A581F0E3B0B3}"
EndProject
Project("{9A19103F-16F7-4668-BE54-9A1E7A4F7556}") = "JCTG.AzureFunction", "JCTG.AzureFunction\JCTG.AzureFunction.csproj", "{C11D5EC5-D871-4B8D-AD42-9400F72CE966}"
EndProject
Project("{2150E333-8FDC-42A3-9474-1A3956D46DE8}") = "Solution Items", "Solution Items", "{62FA93D0-A7BF-4EA8-BF87-1896CEE8BAD5}"
	ProjectSection(SolutionItems) = preProject
		README.md = README.md
	EndProjectSection
EndProject
Project("{9A19103F-16F7-4668-BE54-9A1E7A4F7556}") = "JCTG.MQL", "JCTG.MQL\JCTG.MQL.csproj", "{A030AF57-8C34-48D5-8B95-1E82146F66AC}"
EndProject
Project("{9A19103F-16F7-4668-BE54-9A1E7A4F7556}") = "JCTG.Client.Tests", "JCTG.Client.Tests\JCTG.Client.Tests.csproj", "{487F0F1E-A16F-4168-BB33-F41D47DC46E0}"
EndProject
Project("{9A19103F-16F7-4668-BE54-9A1E7A4F7556}") = "JCTG.AzureFunction.Tests", "JCTG.AzureFunction.Tests\JCTG.AzureFunction.Tests.csproj", "{BA0646A8-1FFC-4121-AAB7-A396372880B2}"
EndProject
Project("{FAE04EC0-301F-11D3-BF4B-00C04F79EFBC}") = "JCTG.Terminal", "JCTG.Terminal\JCTG.Terminal.csproj", "{2B818FF7-FC7A-47D6-81F0-2F387CEAA28C}"
EndProject
Global
	GlobalSection(SolutionConfigurationPlatforms) = preSolution
		Debug|Any CPU = Debug|Any CPU
		Release|Any CPU = Release|Any CPU
	EndGlobalSection
	GlobalSection(ProjectConfigurationPlatforms) = postSolution
		{1ED396E2-EEF9-40E5-B815-51ABAA724A5C}.Debug|Any CPU.ActiveCfg = Debug|Any CPU
		{1ED396E2-EEF9-40E5-B815-51ABAA724A5C}.Debug|Any CPU.Build.0 = Debug|Any CPU
		{1ED396E2-EEF9-40E5-B815-51ABAA724A5C}.Release|Any CPU.ActiveCfg = Release|Any CPU
		{1ED396E2-EEF9-40E5-B815-51ABAA724A5C}.Release|Any CPU.Build.0 = Release|Any CPU
		{50F0537F-2A28-448E-B98F-A581F0E3B0B3}.Debug|Any CPU.ActiveCfg = Debug|Any CPU
		{50F0537F-2A28-448E-B98F-A581F0E3B0B3}.Debug|Any CPU.Build.0 = Debug|Any CPU
		{50F0537F-2A28-448E-B98F-A581F0E3B0B3}.Release|Any CPU.ActiveCfg = Release|Any CPU
		{50F0537F-2A28-448E-B98F-A581F0E3B0B3}.Release|Any CPU.Build.0 = Release|Any CPU
		{C11D5EC5-D871-4B8D-AD42-9400F72CE966}.Debug|Any CPU.ActiveCfg = Debug|Any CPU
		{C11D5EC5-D871-4B8D-AD42-9400F72CE966}.Debug|Any CPU.Build.0 = Debug|Any CPU
		{C11D5EC5-D871-4B8D-AD42-9400F72CE966}.Release|Any CPU.ActiveCfg = Release|Any CPU
		{C11D5EC5-D871-4B8D-AD42-9400F72CE966}.Release|Any CPU.Build.0 = Release|Any CPU
		{A030AF57-8C34-48D5-8B95-1E82146F66AC}.Debug|Any CPU.ActiveCfg = Debug|Any CPU
		{A030AF57-8C34-48D5-8B95-1E82146F66AC}.Debug|Any CPU.Build.0 = Debug|Any CPU
		{A030AF57-8C34-48D5-8B95-1E82146F66AC}.Release|Any CPU.ActiveCfg = Release|Any CPU
		{A030AF57-8C34-48D5-8B95-1E82146F66AC}.Release|Any CPU.Build.0 = Release|Any CPU
		{487F0F1E-A16F-4168-BB33-F41D47DC46E0}.Debug|Any CPU.ActiveCfg = Debug|Any CPU
		{487F0F1E-A16F-4168-BB33-F41D47DC46E0}.Debug|Any CPU.Build.0 = Debug|Any CPU
		{487F0F1E-A16F-4168-BB33-F41D47DC46E0}.Release|Any CPU.ActiveCfg = Release|Any CPU
		{487F0F1E-A16F-4168-BB33-F41D47DC46E0}.Release|Any CPU.Build.0 = Release|Any CPU
		{BA0646A8-1FFC-4121-AAB7-A396372880B2}.Debug|Any CPU.ActiveCfg = Debug|Any CPU
		{BA0646A8-1FFC-4121-AAB7-A396372880B2}.Debug|Any CPU.Build.0 = Debug|Any CPU
		{BA0646A8-1FFC-4121-AAB7-A396372880B2}.Release|Any CPU.ActiveCfg = Release|Any CPU
		{BA0646A8-1FFC-4121-AAB7-A396372880B2}.Release|Any CPU.Build.0 = Release|Any CPU
		{2B818FF7-FC7A-47D6-81F0-2F387CEAA28C}.Debug|Any CPU.ActiveCfg = Debug|Any CPU
		{2B818FF7-FC7A-47D6-81F0-2F387CEAA28C}.Debug|Any CPU.Build.0 = Debug|Any CPU
		{2B818FF7-FC7A-47D6-81F0-2F387CEAA28C}.Debug|Any CPU.Deploy.0 = Debug|Any CPU
		{2B818FF7-FC7A-47D6-81F0-2F387CEAA28C}.Release|Any CPU.ActiveCfg = Release|Any CPU
		{2B818FF7-FC7A-47D6-81F0-2F387CEAA28C}.Release|Any CPU.Build.0 = Release|Any CPU
		{2B818FF7-FC7A-47D6-81F0-2F387CEAA28C}.Release|Any CPU.Deploy.0 = Release|Any CPU
	EndGlobalSection
	GlobalSection(SolutionProperties) = preSolution
		HideSolutionNode = FALSE
	EndGlobalSection
	GlobalSection(ExtensibilityGlobals) = postSolution
		SolutionGuid = {91F39096-44AC-4D56-92D7-AFE1AE772DF9}
	EndGlobalSection
EndGlobal
