
Microsoft Visual Studio Solution File, Format Version 12.00
# Visual Studio Version 17
VisualStudioVersion = 17.8.34316.72
MinimumVisualStudioVersion = 10.0.40219.1
Project("{9A19103F-16F7-4668-BE54-9A1E7A4F7556}") = "JCTG", "JCTG\JCTG.csproj", "{1ED396E2-EEF9-40E5-B815-51ABAA724A5C}"
EndProject
Project("{9A19103F-16F7-4668-BE54-9A1E7A4F7556}") = "JCTG.Client", "JCTG.Client\JCTG.Client.csproj", "{50F0537F-2A28-448E-B98F-A581F0E3B0B3}"
EndProject
Project("{9A19103F-16F7-4668-BE54-9A1E7A4F7556}") = "JCTG.AzureFunction", "JCTG.AzureFunction\JCTG.AzureFunction.csproj", "{C11D5EC5-D871-4B8D-AD42-9400F72CE966}"
EndProject
Global
	GlobalSection(SolutionConfigurationPlatforms) = preSolution
		Debug|Any CPU = Debug|Any CPU
		Release|Any CPU = Release|Any CPU
	EndGlobalSection
	GlobalSection(ProjectConfigurationPlatforms) = postSolution
		{1ED396E2-EEF9-40E5-B815-51ABAA724A5C}.Debug|Any CPU.ActiveCfg = Debug|Any CPU
		{1ED396E2-EEF9-40E5-B815-51ABAA724A5C}.Debug|Any CPU.Build.0 = Debug|Any CPU
		{1ED396E2-EEF9-40E5-B815-51ABAA724A5C}.Release|Any CPU.ActiveCfg = Release|Any CPU
		{1ED396E2-EEF9-40E5-B815-51ABAA724A5C}.Release|Any CPU.Build.0 = Release|Any CPU
		{50F0537F-2A28-448E-B98F-A581F0E3B0B3}.Debug|Any CPU.ActiveCfg = Debug|Any CPU
		{50F0537F-2A28-448E-B98F-A581F0E3B0B3}.Debug|Any CPU.Build.0 = Debug|Any CPU
		{50F0537F-2A28-448E-B98F-A581F0E3B0B3}.Release|Any CPU.ActiveCfg = Release|Any CPU
		{50F0537F-2A28-448E-B98F-A581F0E3B0B3}.Release|Any CPU.Build.0 = Release|Any CPU
		{C11D5EC5-D871-4B8D-AD42-9400F72CE966}.Debug|Any CPU.ActiveCfg = Debug|Any CPU
		{C11D5EC5-D871-4B8D-AD42-9400F72CE966}.Debug|Any CPU.Build.0 = Debug|Any CPU
		{C11D5EC5-D871-4B8D-AD42-9400F72CE966}.Release|Any CPU.ActiveCfg = Release|Any CPU
		{C11D5EC5-D871-4B8D-AD42-9400F72CE966}.Release|Any CPU.Build.0 = Release|Any CPU
	EndGlobalSection
	GlobalSection(SolutionProperties) = preSolution
		HideSolutionNode = FALSE
	EndGlobalSection
	GlobalSection(ExtensibilityGlobals) = postSolution
		SolutionGuid = {91F39096-44AC-4D56-92D7-AFE1AE772DF9}
	EndGlobalSection
EndGlobal
